
Microsoft Visual Studio Solution File, Format Version 12.00
# Visual Studio Version 17
VisualStudioVersion = 17.5.33414.496
MinimumVisualStudioVersion = 10.0.40219.1
Project("{9A19103F-16F7-4668-BE54-9A1E7A4F7556}") = "RabbitMQTest", "RabbitMQTest.csproj", "{4F083559-4CA6-4B84-8064-4D1467D75921}"
EndProject
Project("{9A19103F-16F7-4668-BE54-9A1E7A4F7556}") = "RabbitMQServer", "..\RabbitMQServer\RabbitMQServer.csproj", "{92ADBF62-D4EA-45DD-8F06-ACFA438C831E}"
EndProject
Project("{FAE04EC0-301F-11D3-BF4B-00C04F79EFBC}") = "Server", "..\Server\Server.csproj", "{5203EB3F-DC15-4246-B6B1-6F678F4CADDF}"
EndProject
Project("{FAE04EC0-301F-11D3-BF4B-00C04F79EFBC}") = "client", "..\client\client.csproj", "{C1435D65-4C18-4DBD-A281-D76E3C4BFCC6}"
EndProject
Global
	GlobalSection(SolutionConfigurationPlatforms) = preSolution
		Debug|Any CPU = Debug|Any CPU
		Release|Any CPU = Release|Any CPU
	EndGlobalSection
	GlobalSection(ProjectConfigurationPlatforms) = postSolution
		{4F083559-4CA6-4B84-8064-4D1467D75921}.Debug|Any CPU.ActiveCfg = Debug|Any CPU
		{4F083559-4CA6-4B84-8064-4D1467D75921}.Debug|Any CPU.Build.0 = Debug|Any CPU
		{4F083559-4CA6-4B84-8064-4D1467D75921}.Release|Any CPU.ActiveCfg = Release|Any CPU
		{4F083559-4CA6-4B84-8064-4D1467D75921}.Release|Any CPU.Build.0 = Release|Any CPU
		{92ADBF62-D4EA-45DD-8F06-ACFA438C831E}.Debug|Any CPU.ActiveCfg = Debug|Any CPU
		{92ADBF62-D4EA-45DD-8F06-ACFA438C831E}.Debug|Any CPU.Build.0 = Debug|Any CPU
		{92ADBF62-D4EA-45DD-8F06-ACFA438C831E}.Release|Any CPU.ActiveCfg = Release|Any CPU
		{92ADBF62-D4EA-45DD-8F06-ACFA438C831E}.Release|Any CPU.Build.0 = Release|Any CPU
		{5203EB3F-DC15-4246-B6B1-6F678F4CADDF}.Debug|Any CPU.ActiveCfg = Debug|Any CPU
		{5203EB3F-DC15-4246-B6B1-6F678F4CADDF}.Debug|Any CPU.Build.0 = Debug|Any CPU
		{5203EB3F-DC15-4246-B6B1-6F678F4CADDF}.Release|Any CPU.ActiveCfg = Release|Any CPU
		{5203EB3F-DC15-4246-B6B1-6F678F4CADDF}.Release|Any CPU.Build.0 = Release|Any CPU
		{C1435D65-4C18-4DBD-A281-D76E3C4BFCC6}.Debug|Any CPU.ActiveCfg = Debug|Any CPU
		{C1435D65-4C18-4DBD-A281-D76E3C4BFCC6}.Debug|Any CPU.Build.0 = Debug|Any CPU
		{C1435D65-4C18-4DBD-A281-D76E3C4BFCC6}.Release|Any CPU.ActiveCfg = Release|Any CPU
		{C1435D65-4C18-4DBD-A281-D76E3C4BFCC6}.Release|Any CPU.Build.0 = Release|Any CPU
	EndGlobalSection
	GlobalSection(SolutionProperties) = preSolution
		HideSolutionNode = FALSE
	EndGlobalSection
	GlobalSection(ExtensibilityGlobals) = postSolution
		SolutionGuid = {5087602F-933F-4FCB-8A77-5C7500565F71}
	EndGlobalSection
EndGlobal
